{
  "name": "@brain-wallet/brain-wallet",
  "version": "0.1.6",
  "lockfileVersion": 1,
  "requires": true,
  "dependencies": {
    "crypto-js": {
      "version": "4.0.0",
      "resolved": "https://registry.npmjs.org/crypto-js/-/crypto-js-4.0.0.tgz",
      "integrity": "sha512-bzHZN8Pn+gS7DQA6n+iUmBfl0hO5DJq++QP3U6uTucDtk/0iGpXd/Gg7CGR0p8tJhofJyaKoWBuJI4eAO00BBg=="
    },
    "htm": {
      "version": "3.0.4",
      "resolved": "https://registry.npmjs.org/htm/-/htm-3.0.4.tgz",
      "integrity": "sha512-VRdvxX3tmrXuT/Ovt59NMp/ORMFi4bceFMDjos1PV4E0mV+5votuID8R60egR9A4U8nLt238R/snlJGz3UYiTQ=="
    },
    "js-sha256": {
      "version": "0.9.0",
      "resolved": "https://registry.npmjs.org/js-sha256/-/js-sha256-0.9.0.tgz",
      "integrity": "sha512-sga3MHh9sgQN2+pJ9VYZ+1LPwXOxuBJBA5nrR5/ofPfuiJBE2hnjsaN8se8JznOmGLN2p49Pe5U/ttafcs/apA=="
    },
    "preact": {
      "version": "10.4.1",
      "resolved": "https://registry.npmjs.org/preact/-/preact-10.4.1.tgz",
      "integrity": "sha512-WKrRpCSwL2t3tpOOGhf2WfTpcmbpxaWtDbdJdKdjd0aEiTkvOmS4NBkG6kzlaAHI9AkQ3iVqbFWM3Ei7mZ4o1Q=="
    },
    "spux": {
      "version": "0.0.4",
      "resolved": "https://registry.npmjs.org/spux/-/spux-0.0.4.tgz",
      "integrity": "sha512-5pO3WWTE38V9p/pG7xkWmvD22it4yMdbKfV8mMdMg+rj+7blMnDQJJUruQUIBcqnGN0hhov9VYzNYxn941LKXA==",
      "requires": {
        "htm": "^3.0.4",
        "preact": "^10.4.1"
      }
    }
  }
}
